
Microsoft Visual Studio Solution File, Format Version 12.00
# Visual Studio Version 16
VisualStudioVersion = 16.0.30204.135
MinimumVisualStudioVersion = 10.0.40219.1
Project("{9A19103F-16F7-4668-BE54-9A1E7A4F7556}") = "CateringPro", "CateringPro\CateringPro.csproj", "{747D339F-88E8-4670-BAA9-6F6C093F7032}"
EndProject
Project("{FAE04EC0-301F-11D3-BF4B-00C04F79EFBC}") = "UnitTestCat", "UnitTestCat\UnitTestCat.csproj", "{3CBA4535-172F-4A7D-8DA9-D48B102FC747}"
EndProject
Global
	GlobalSection(SolutionConfigurationPlatforms) = preSolution
		Debug|Any CPU = Debug|Any CPU
		Release|Any CPU = Release|Any CPU
	EndGlobalSection
	GlobalSection(ProjectConfigurationPlatforms) = postSolution
		{747D339F-88E8-4670-BAA9-6F6C093F7032}.Debug|Any CPU.ActiveCfg = Debug|Any CPU
		{747D339F-88E8-4670-BAA9-6F6C093F7032}.Debug|Any CPU.Build.0 = Debug|Any CPU
		{747D339F-88E8-4670-BAA9-6F6C093F7032}.Debug|Any CPU.Deploy.0 = Debug|Any CPU
		{747D339F-88E8-4670-BAA9-6F6C093F7032}.Release|Any CPU.ActiveCfg = Release|Any CPU
		{747D339F-88E8-4670-BAA9-6F6C093F7032}.Release|Any CPU.Build.0 = Release|Any CPU
		{3CBA4535-172F-4A7D-8DA9-D48B102FC747}.Debug|Any CPU.ActiveCfg = Debug|Any CPU
		{3CBA4535-172F-4A7D-8DA9-D48B102FC747}.Debug|Any CPU.Build.0 = Debug|Any CPU
		{3CBA4535-172F-4A7D-8DA9-D48B102FC747}.Release|Any CPU.ActiveCfg = Release|Any CPU
		{3CBA4535-172F-4A7D-8DA9-D48B102FC747}.Release|Any CPU.Build.0 = Release|Any CPU
	EndGlobalSection
	GlobalSection(SolutionProperties) = preSolution
		HideSolutionNode = FALSE
	EndGlobalSection
	GlobalSection(ExtensibilityGlobals) = postSolution
		SolutionGuid = {06D8456C-BD34-4358-A5EE-46681DAD87E4}
	EndGlobalSection
EndGlobal
